
Microsoft Visual Studio Solution File, Format Version 12.00
# Visual Studio Version 17
VisualStudioVersion = 17.7.34024.191
MinimumVisualStudioVersion = 10.0.40219.1
Project("{9A19103F-16F7-4668-BE54-9A1E7A4F7556}") = "Algorithm&DataStructures.Initial", "Algorithm&DataStructures.Initial\Algorithm&DataStructures.Initial.csproj", "{55E79D59-776B-4E8B-805F-C9FA530C9BAD}"
EndProject
Project("{2150E333-8FDC-42A3-9474-1A3956D46DE8}") = "Algorithms", "Algorithms", "{3A355002-C6FB-48D2-AF39-EDDE95AEEC6F}"
EndProject
Project("{9A19103F-16F7-4668-BE54-9A1E7A4F7556}") = "Algorithm.BubbleSort", "Algorithm.BubbleSort\Algorithm.BubbleSort.csproj", "{FDA5660D-4822-4B59-9E2D-CAB877A57A57}"
EndProject
Project("{9A19103F-16F7-4668-BE54-9A1E7A4F7556}") = "Algorithm.SelectionSort", "Algorithm.SelectionSort\Algorithm.SelectionSort.csproj", "{9D8049CB-D60E-44A7-B88F-97F2606F12AA}"
EndProject
Project("{9A19103F-16F7-4668-BE54-9A1E7A4F7556}") = "Algorithm.InsertionSort", "Algorithm.InsertionSort\Algorithm.InsertionSort.csproj", "{B7488C9A-DABA-4F66-8B68-0661116A0E79}"
EndProject
Project("{9A19103F-16F7-4668-BE54-9A1E7A4F7556}") = "Algorithm.Recursion", "Algorithm.Recursion\Algorithm.Recursion.csproj", "{62C6F827-88F9-4A63-BA96-93429585DB42}"
EndProject
Project("{9A19103F-16F7-4668-BE54-9A1E7A4F7556}") = "Algorithm.ShellSort", "Algorithm.ShellSort\Algorithm.ShellSort.csproj", "{3FC04D27-7775-4F0B-89CC-4CF2BF759DAE}"
EndProject
Project("{9A19103F-16F7-4668-BE54-9A1E7A4F7556}") = "Algorithm.MergeSort", "Algorithm.MergeSort\Algorithm.MergeSort.csproj", "{15A25CD1-59B7-4702-8099-8962528BE936}"
EndProject
Project("{9A19103F-16F7-4668-BE54-9A1E7A4F7556}") = "Algorithm.QuickSort", "Algorithm.QuickSort\Algorithm.QuickSort.csproj", "{5C074AFA-EA99-4079-B0CB-DE8775FDCA36}"
EndProject
Project("{2150E333-8FDC-42A3-9474-1A3956D46DE8}") = "DataStructures", "DataStructures", "{23EAD3AE-A2CE-4282-8475-26320561BB58}"
EndProject
Project("{9A19103F-16F7-4668-BE54-9A1E7A4F7556}") = "DataStructure.List", "DataStructure.List\DataStructure.List.csproj", "{2F812071-1D5A-4AF1-BCC1-A568DB94624F}"
EndProject
Project("{FAE04EC0-301F-11D3-BF4B-00C04F79EFBC}") = "DataStructure.Node", "DataStructure.Node\DataStructure.Node.csproj", "{3DD81279-2FF1-4C46-B1D7-F90320E2CBB6}"
EndProject
Global
	GlobalSection(SolutionConfigurationPlatforms) = preSolution
		Debug|Any CPU = Debug|Any CPU
		Release|Any CPU = Release|Any CPU
	EndGlobalSection
	GlobalSection(ProjectConfigurationPlatforms) = postSolution
		{55E79D59-776B-4E8B-805F-C9FA530C9BAD}.Debug|Any CPU.ActiveCfg = Debug|Any CPU
		{55E79D59-776B-4E8B-805F-C9FA530C9BAD}.Debug|Any CPU.Build.0 = Debug|Any CPU
		{55E79D59-776B-4E8B-805F-C9FA530C9BAD}.Release|Any CPU.ActiveCfg = Release|Any CPU
		{55E79D59-776B-4E8B-805F-C9FA530C9BAD}.Release|Any CPU.Build.0 = Release|Any CPU
		{FDA5660D-4822-4B59-9E2D-CAB877A57A57}.Debug|Any CPU.ActiveCfg = Debug|Any CPU
		{FDA5660D-4822-4B59-9E2D-CAB877A57A57}.Debug|Any CPU.Build.0 = Debug|Any CPU
		{FDA5660D-4822-4B59-9E2D-CAB877A57A57}.Release|Any CPU.ActiveCfg = Release|Any CPU
		{FDA5660D-4822-4B59-9E2D-CAB877A57A57}.Release|Any CPU.Build.0 = Release|Any CPU
		{9D8049CB-D60E-44A7-B88F-97F2606F12AA}.Debug|Any CPU.ActiveCfg = Debug|Any CPU
		{9D8049CB-D60E-44A7-B88F-97F2606F12AA}.Debug|Any CPU.Build.0 = Debug|Any CPU
		{9D8049CB-D60E-44A7-B88F-97F2606F12AA}.Release|Any CPU.ActiveCfg = Release|Any CPU
		{9D8049CB-D60E-44A7-B88F-97F2606F12AA}.Release|Any CPU.Build.0 = Release|Any CPU
		{B7488C9A-DABA-4F66-8B68-0661116A0E79}.Debug|Any CPU.ActiveCfg = Debug|Any CPU
		{B7488C9A-DABA-4F66-8B68-0661116A0E79}.Debug|Any CPU.Build.0 = Debug|Any CPU
		{B7488C9A-DABA-4F66-8B68-0661116A0E79}.Release|Any CPU.ActiveCfg = Release|Any CPU
		{B7488C9A-DABA-4F66-8B68-0661116A0E79}.Release|Any CPU.Build.0 = Release|Any CPU
		{62C6F827-88F9-4A63-BA96-93429585DB42}.Debug|Any CPU.ActiveCfg = Debug|Any CPU
		{62C6F827-88F9-4A63-BA96-93429585DB42}.Debug|Any CPU.Build.0 = Debug|Any CPU
		{62C6F827-88F9-4A63-BA96-93429585DB42}.Release|Any CPU.ActiveCfg = Release|Any CPU
		{62C6F827-88F9-4A63-BA96-93429585DB42}.Release|Any CPU.Build.0 = Release|Any CPU
		{3FC04D27-7775-4F0B-89CC-4CF2BF759DAE}.Debug|Any CPU.ActiveCfg = Debug|Any CPU
		{3FC04D27-7775-4F0B-89CC-4CF2BF759DAE}.Debug|Any CPU.Build.0 = Debug|Any CPU
		{3FC04D27-7775-4F0B-89CC-4CF2BF759DAE}.Release|Any CPU.ActiveCfg = Release|Any CPU
		{3FC04D27-7775-4F0B-89CC-4CF2BF759DAE}.Release|Any CPU.Build.0 = Release|Any CPU
		{15A25CD1-59B7-4702-8099-8962528BE936}.Debug|Any CPU.ActiveCfg = Debug|Any CPU
		{15A25CD1-59B7-4702-8099-8962528BE936}.Debug|Any CPU.Build.0 = Debug|Any CPU
		{15A25CD1-59B7-4702-8099-8962528BE936}.Release|Any CPU.ActiveCfg = Release|Any CPU
		{15A25CD1-59B7-4702-8099-8962528BE936}.Release|Any CPU.Build.0 = Release|Any CPU
		{5C074AFA-EA99-4079-B0CB-DE8775FDCA36}.Debug|Any CPU.ActiveCfg = Debug|Any CPU
		{5C074AFA-EA99-4079-B0CB-DE8775FDCA36}.Debug|Any CPU.Build.0 = Debug|Any CPU
		{5C074AFA-EA99-4079-B0CB-DE8775FDCA36}.Release|Any CPU.ActiveCfg = Release|Any CPU
		{5C074AFA-EA99-4079-B0CB-DE8775FDCA36}.Release|Any CPU.Build.0 = Release|Any CPU
		{2F812071-1D5A-4AF1-BCC1-A568DB94624F}.Debug|Any CPU.ActiveCfg = Debug|Any CPU
		{2F812071-1D5A-4AF1-BCC1-A568DB94624F}.Debug|Any CPU.Build.0 = Debug|Any CPU
		{2F812071-1D5A-4AF1-BCC1-A568DB94624F}.Release|Any CPU.ActiveCfg = Release|Any CPU
		{2F812071-1D5A-4AF1-BCC1-A568DB94624F}.Release|Any CPU.Build.0 = Release|Any CPU
		{3DD81279-2FF1-4C46-B1D7-F90320E2CBB6}.Debug|Any CPU.ActiveCfg = Debug|Any CPU
		{3DD81279-2FF1-4C46-B1D7-F90320E2CBB6}.Debug|Any CPU.Build.0 = Debug|Any CPU
		{3DD81279-2FF1-4C46-B1D7-F90320E2CBB6}.Release|Any CPU.ActiveCfg = Release|Any CPU
		{3DD81279-2FF1-4C46-B1D7-F90320E2CBB6}.Release|Any CPU.Build.0 = Release|Any CPU
	EndGlobalSection
	GlobalSection(SolutionProperties) = preSolution
		HideSolutionNode = FALSE
	EndGlobalSection
	GlobalSection(NestedProjects) = preSolution
		{FDA5660D-4822-4B59-9E2D-CAB877A57A57} = {3A355002-C6FB-48D2-AF39-EDDE95AEEC6F}
		{9D8049CB-D60E-44A7-B88F-97F2606F12AA} = {3A355002-C6FB-48D2-AF39-EDDE95AEEC6F}
		{B7488C9A-DABA-4F66-8B68-0661116A0E79} = {3A355002-C6FB-48D2-AF39-EDDE95AEEC6F}
		{62C6F827-88F9-4A63-BA96-93429585DB42} = {3A355002-C6FB-48D2-AF39-EDDE95AEEC6F}
		{3FC04D27-7775-4F0B-89CC-4CF2BF759DAE} = {3A355002-C6FB-48D2-AF39-EDDE95AEEC6F}
		{15A25CD1-59B7-4702-8099-8962528BE936} = {3A355002-C6FB-48D2-AF39-EDDE95AEEC6F}
		{5C074AFA-EA99-4079-B0CB-DE8775FDCA36} = {3A355002-C6FB-48D2-AF39-EDDE95AEEC6F}
		{2F812071-1D5A-4AF1-BCC1-A568DB94624F} = {23EAD3AE-A2CE-4282-8475-26320561BB58}
		{3DD81279-2FF1-4C46-B1D7-F90320E2CBB6} = {23EAD3AE-A2CE-4282-8475-26320561BB58}
	EndGlobalSection
	GlobalSection(ExtensibilityGlobals) = postSolution
		SolutionGuid = {AF0D05D0-0AEC-44E8-B9D2-84DDC1161AEB}
	EndGlobalSection
EndGlobal
